{
  "name": "workers",
  "lockfileVersion": 3,
  "requires": true,
  "packages": {
    "": {
      "dependencies": {
        "@akuad/antenna": "npm:@jsr/akuad__antenna@^2.0.0"
      }
    },
    "node_modules/@akuad/antenna": {
      "name": "@jsr/akuad__antenna",
      "version": "2.0.0",
      "resolved": "https://npm.jsr.io/~/11/@jsr/akuad__antenna/2.0.0.tgz",
      "integrity": "sha512-xhIzVlzo9X30iYnRiy5wPuCouIvzpp+SVJm8aO8FH5W+eduYVc/UEYuqJN0IOB2Vdn6AxAQo6vb0GK8XJhACPA==",
      "dependencies": {
        "@jsr/libs__xml": "7"
      }
    },
    "node_modules/@jsr/libs__xml": {
      "version": "7.0.4",
      "resolved": "https://npm.jsr.io/~/11/@jsr/libs__xml/7.0.4.tgz",
      "integrity": "sha512-pmRUOESYhu/AkuE4wfoSrNnWgLGLwZb/y/Au5gutZSHHAbSwBsjH0lPXBwCUwihxUhEg0JdNqPhYBQGX11VLUA=="
    }
  }
}
